{
    "_readme": [
        "This file locks the dependencies of your project to a known state",
        "Read more about it at https://getcomposer.org/doc/01-basic-usage.md#composer-lock-the-lock-file",
        "This file is @generated automatically"
    ],
    "content-hash": "05c85af00ced598adfe56b7c4e63e2b8",
    "packages": [
        {
            "name": "composer/installers",
            "version": "v1.7.0",
            "source": {
                "type": "git",
                "url": "https://github.com/composer/installers.git",
                "reference": "141b272484481432cda342727a427dc1e206bfa0"
            },
            "dist": {
                "type": "zip",
                "url": "https://api.github.com/repos/composer/installers/zipball/141b272484481432cda342727a427dc1e206bfa0",
                "reference": "141b272484481432cda342727a427dc1e206bfa0",
                "shasum": ""
            },
            "require": {
                "composer-plugin-api": "^1.0"
            },
            "replace": {
                "roundcube/plugin-installer": "*",
                "shama/baton": "*"
            },
            "require-dev": {
                "composer/composer": "1.0.*@dev",
                "phpunit/phpunit": "^4.8.36"
            },
            "type": "composer-plugin",
            "extra": {
                "class": "Composer\\Installers\\Plugin",
                "branch-alias": {
                    "dev-master": "1.0-dev"
                }
            },
            "autoload": {
                "psr-4": {
                    "Composer\\Installers\\": "src/Composer/Installers"
                }
            },
            "notification-url": "https://packagist.org/downloads/",
            "license": [
                "MIT"
            ],
            "authors": [
                {
                    "name": "Kyle Robinson Young",
                    "email": "kyle@dontkry.com",
                    "homepage": "https://github.com/shama"
                }
            ],
            "description": "A multi-framework Composer library installer",
            "homepage": "https://composer.github.io/installers/",
            "keywords": [
                "Craft",
                "Dolibarr",
                "Eliasis",
                "Hurad",
                "ImageCMS",
                "Kanboard",
                "Lan Management System",
                "MODX Evo",
                "Mautic",
                "Maya",
                "OXID",
                "Plentymarkets",
                "Porto",
                "RadPHP",
                "SMF",
                "Thelia",
                "Whmcs",
                "WolfCMS",
                "agl",
                "aimeos",
                "annotatecms",
                "attogram",
                "bitrix",
                "cakephp",
                "chef",
                "cockpit",
                "codeigniter",
                "concrete5",
                "croogo",
                "dokuwiki",
                "drupal",
                "eZ Platform",
                "elgg",
                "expressionengine",
                "fuelphp",
                "grav",
                "installer",
                "itop",
                "joomla",
                "known",
                "kohana",
                "laravel",
                "lavalite",
                "lithium",
                "magento",
                "majima",
                "mako",
                "mediawiki",
                "modulework",
                "modx",
                "moodle",
                "osclass",
                "phpbb",
                "piwik",
                "ppi",
                "puppet",
                "pxcms",
                "reindex",
                "roundcube",
                "shopware",
                "silverstripe",
                "sydes",
                "symfony",
                "typo3",
                "wordpress",
                "yawik",
                "zend",
                "zikula"
            ],
            "time": "2019-08-12T15:00:31+00:00"
        },
        {
            "name": "dmhendricks/wordpress-toolkit",
            "version": "0.4.2",
            "source": {
                "type": "git",
                "url": "https://github.com/dmhendricks/wordpress-toolkit.git",
                "reference": "86bcf66973d0e6059f82b1ab5f4c8a7982084a88"
            },
            "dist": {
                "type": "zip",
                "url": "https://api.github.com/repos/dmhendricks/wordpress-toolkit/zipball/86bcf66973d0e6059f82b1ab5f4c8a7982084a88",
                "reference": "86bcf66973d0e6059f82b1ab5f4c8a7982084a88",
                "shasum": ""
            },
            "require": {
                "php": ">=5.6.4",
                "vlucas/phpdotenv": "^2.5.1"
            },
            "type": "library",
            "autoload": {
                "psr-4": {
                    "WordPress_ToolKit\\": "core/"
                }
            },
            "notification-url": "https://packagist.org/downloads/",
            "license": [
                "GPL-2.0-or-later"
            ],
            "authors": [
                {
                    "name": "Daniel M. Hendricks",
                    "homepage": "https://danhendricks.com",
                    "role": "Developer"
                }
            ],
            "description": "A collection of helper classes and functions for WordPress plugins and themes.",
            "homepage": "https://github.com/dmhendricks/wordpress-toolkit",
            "time": "2018-10-26T02:30:15+00:00"
        },
        {
            "name": "htmlburger/carbon-fields",
            "version": "v3.1.12",
            "source": {
                "type": "git",
                "url": "https://github.com/htmlburger/carbon-fields.git",
                "reference": "960100f6d3b93902a774a1986d321ea6213b924e"
            },
            "dist": {
                "type": "zip",
                "url": "https://api.github.com/repos/htmlburger/carbon-fields/zipball/960100f6d3b93902a774a1986d321ea6213b924e",
                "reference": "960100f6d3b93902a774a1986d321ea6213b924e",
                "shasum": ""
            },
            "require": {
                "php": ">=5.3"
            },
            "require-dev": {
                "mockery/mockery": "^0.9.7",
                "phpunit/phpunit": "~4.8"
            },
            "type": "library",
            "autoload": {
                "psr-4": {
                    "Carbon_Fields\\": "core/"
                }
            },
            "notification-url": "https://packagist.org/downloads/",
            "license": [
                "GPL-2.0-only"
            ],
            "authors": [
                {
                    "name": "htmlBurger",
                    "email": "wordpress@htmlburger.com",
                    "homepage": "https://htmlburger.com/",
                    "role": "Developer"
                },
                {
                    "name": "Miroslav Mitev",
                    "email": "mmitev.2create@gmail.com",
                    "role": "Developer"
                },
                {
                    "name": "Atanas Angelov",
                    "email": "atanas.angelov.dev@gmail.com",
                    "role": "Developer"
                },
                {
                    "name": "Georgi Stoyanov",
                    "email": "stoyanov.gs@gmail.com",
                    "role": "Developer"
                },
                {
                    "name": "Plamen Kostadinov",
                    "email": "pkostadinov.2create@gmail.com",
                    "homepage": "http://plasmen.info/",
                    "role": "Developer"
                },
                {
                    "name": "Stanimir Panchev",
                    "email": "Stan4omir@gmail.com",
                    "role": "Developer"
                },
                {
                    "name": "Marin Atanasov",
                    "email": "contact@marinatanasov.com",
                    "homepage": "http://marinatanasov.com/",
                    "role": "Developer"
                },
                {
                    "name": "Siyan Panayotov",
                    "homepage": "http://siyanpanayotov.com/",
                    "role": "Developer"
                },
                {
                    "name": "Peter Petrov",
                    "email": "peter.petrov89@gmail.com",
                    "role": "Developer"
                },
                {
                    "name": "Stanimir Stoyanov",
                    "email": "stanimir.k.stoyanov@gmail.com",
                    "role": "Developer"
                },
                {
                    "name": "Kaloyan Ivanov",
                    "email": "kaloyanxivanov@gmail.com",
                    "homepage": "http://vilepixels.com/",
                    "role": "Developer"
                },
                {
                    "name": "Georgi Popov",
                    "homepage": "http://magadanski.com/",
                    "role": "Developer"
                },
                {
                    "name": "German Velchev",
                    "email": "germozy@gmail.com",
                    "role": "Developer"
                },
                {
                    "name": "Rashko Petrov",
                    "email": "brutalenemy666@gmail.com",
                    "homepage": "http://errorfactory.com/",
                    "role": "Developer"
                },
                {
                    "name": "Alexander Panayotov",
                    "email": "alexander.panayotov@gmail.com",
                    "homepage": "http://alexanderpanayotov.com/",
                    "role": "Developer"
                },
                {
                    "name": "Viktor Vasilev",
                    "email": "liberalcho@gmail.com",
                    "role": "Developer"
                },
                {
                    "name": "Georgi Georgiev",
                    "email": "george.georgiev96@gmail.com",
                    "role": "Developer"
                },
                {
                    "name": "Atanas Vasilev",
                    "email": "atanasvasilev91@gmail.com",
                    "role": "Developer"
                }
            ],
            "description": "WordPress developer-friendly custom fields for post types, taxonomy terms, users, comments, widgets, options and more.",
            "homepage": "http://carbonfields.net/",
            "time": "2020-01-16T10:01:40+00:00"
        },
        {
            "name": "htmlburger/carbon-fields-plugin",
            "version": "v3.1.12",
            "source": {
                "type": "git",
                "url": "https://github.com/htmlburger/carbon-fields-plugin.git",
                "reference": "580d39de5f6d80f49028901d6c796db3d0c93707"
            },
            "dist": {
                "type": "zip",
                "url": "https://api.github.com/repos/htmlburger/carbon-fields-plugin/zipball/580d39de5f6d80f49028901d6c796db3d0c93707",
                "reference": "580d39de5f6d80f49028901d6c796db3d0c93707",
                "shasum": ""
            },
            "require": {
                "composer/installers": "^1.0",
                "htmlburger/carbon-fields": "3.1.12",
                "php": ">=5.3"
            },
            "type": "wordpress-plugin",
            "autoload": {
                "psr-4": {
                    "Carbon_Fields_Plugin\\": "core/"
                }
            },
            "notification-url": "https://packagist.org/downloads/",
            "license": [
                "GPL-2.0"
            ],
            "authors": [
                {
                    "name": "atanas-angelov-dev",
                    "email": "atanas.angelov.dev@gmail.com"
                }
            ],
            "description": "WordPress plugin loader for Carbon Fields.",
            "homepage": "http://carbonfields.net/",
            "time": "2020-01-16T10:07:08+00:00"
        },
        {
            "name": "inc2734/wp-customizer-framework",
            "version": "3.2.3",
            "source": {
                "type": "git",
                "url": "https://github.com/inc2734/wp-customizer-framework.git",
                "reference": "6bbc9d58d87a29e4b1b7073486ede0b044915639"
            },
            "dist": {
                "type": "zip",
                "url": "https://api.github.com/repos/inc2734/wp-customizer-framework/zipball/6bbc9d58d87a29e4b1b7073486ede0b044915639",
                "reference": "6bbc9d58d87a29e4b1b7073486ede0b044915639",
                "shasum": ""
            },
            "require": {
                "php": ">=5.6"
            },
            "require-dev": {
                "doctrine/instantiator": "1.0.4",
                "myclabs/deep-copy": "1.7.0",
                "pdepend/pdepend": "2.5.0",
                "phpdocumentor/reflection-docblock": "3.2.2",
                "phpmd/phpmd": "2.*",
                "phpunit/php-token-stream": "1.4.11",
                "phpunit/phpunit": "^5.7",
                "squizlabs/php_codesniffer": "*",
                "symfony/yaml": "3.4.1",
                "wp-coding-standards/wpcs": "*"
            },
            "type": "library",
            "autoload": {
                "psr-4": {
                    "Inc2734\\WP_Customizer_Framework\\": "src"
                }
            },
            "notification-url": "https://packagist.org/downloads/",
            "license": [
                "GPL-2.0-or-later"
            ],
            "authors": [
                {
                    "name": "Takashi Kitajima",
                    "email": "inc@2inc.org"
                }
            ],
            "description": "A library for WordPress Customizer.",
            "time": "2018-08-20T10:47:22+00:00"
        },
        {
            "name": "jjgrainger/posttypes",
            "version": "2.0.1",
            "source": {
                "type": "git",
                "url": "https://github.com/jjgrainger/PostTypes.git",
                "reference": "04525d30d30ec19fef3478676b4f27aa405ac3a6"
            },
            "dist": {
                "type": "zip",
                "url": "https://api.github.com/repos/jjgrainger/PostTypes/zipball/04525d30d30ec19fef3478676b4f27aa405ac3a6",
                "reference": "04525d30d30ec19fef3478676b4f27aa405ac3a6",
                "shasum": ""
            },
            "require": {
                "php": ">=5.6"
            },
            "require-dev": {
                "phpunit/phpunit": "5.7",
                "squizlabs/php_codesniffer": "^2.8"
            },
            "type": "library",
            "autoload": {
                "psr-4": {
                    "PostTypes\\": "src/"
                }
            },
            "notification-url": "https://packagist.org/downloads/",
            "license": [
                "MIT"
            ],
            "authors": [
                {
                    "name": "Joe Grainger",
                    "email": "hello@jjgrainger.co.uk",
                    "homepage": "http://jjgrainger.co.uk"
                }
            ],
            "description": "Simple WordPress custom post types.",
            "homepage": "https://github.com/jjgrainger/posttype",
            "time": "2018-03-27T18:30:06+00:00"
        },
        {
            "name": "johnbillion/extended-cpts",
            "version": "4.3.2",
            "source": {
                "type": "git",
                "url": "https://github.com/johnbillion/extended-cpts.git",
                "reference": "6446170b222869e1e0770c130ead47def5261b51"
            },
            "dist": {
                "type": "zip",
                "url": "https://api.github.com/repos/johnbillion/extended-cpts/zipball/6446170b222869e1e0770c130ead47def5261b51",
                "reference": "6446170b222869e1e0770c130ead47def5261b51",
                "shasum": ""
            },
            "require": {
                "php": "^7.0"
            },
            "require-dev": {
                "automattic/phpcs-neutron-standard": "^1.5",
                "dealerdirect/phpcodesniffer-composer-installer": "^0.5",
                "johnbillion/falsey-assertequals-detector": "^2",
                "johnbillion/php-docs-standards": "^1",
                "phpcompatibility/phpcompatibility-wp": "^2",
                "phpunit/phpunit": "^6",
                "roots/wordpress": "*",
                "vlucas/phpdotenv": "^3",
                "wp-cli/wp-cli-bundle": "^2.1",
                "wp-coding-standards/wpcs": "^2",
                "wp-phpunit/wp-phpunit": "*"
            },
            "suggest": {
                "seravo/wp-custom-bulk-actions": "Custom Bulk Actions",
                "wpackagist-plugin/rewrite-testing": "Rewrite Rule Testing"
            },
            "type": "library",
            "extra": {
                "wordpress-install-dir": "tests/wordpress"
            },
            "autoload": {
                "psr-4": {
                    "ExtCPTs\\Tests\\": "tests/phpunit"
                },
                "files": [
                    "extended-cpts.php"
                ]
            },
            "notification-url": "https://packagist.org/downloads/",
            "license": [
                "GPL-2.0+"
            ],
            "authors": [
                {
                    "name": "John Blackbourn",
                    "homepage": "https://johnblackbourn.com/"
                }
            ],
            "description": "A library which provides extended functionality to WordPress custom post types and taxonomies.",
            "homepage": "https://github.com/johnbillion/extended-cpts/",
            "time": "2019-08-25T21:14:07+00:00"
        },
        {
            "name": "seravo/wp-custom-bulk-actions",
            "version": "0.1.4",
            "source": {
                "type": "git",
                "url": "https://github.com/Seravo/wp-custom-bulk-actions.git",
                "reference": "b31da03919186b1065616743a54995b7e4f29d4a"
            },
            "dist": {
                "type": "zip",
                "url": "https://api.github.com/repos/Seravo/wp-custom-bulk-actions/zipball/b31da03919186b1065616743a54995b7e4f29d4a",
                "reference": "b31da03919186b1065616743a54995b7e4f29d4a",
                "shasum": ""
            },
            "type": "wordpress-plugin",
            "notification-url": "https://packagist.org/downloads/",
            "license": [
                "GPLv3"
            ],
            "authors": [
                {
                    "name": "Onni Hakala",
                    "email": "onni@seravo.fi",
                    "homepage": "https://github.com/onnimonni"
                }
            ],
            "description": "Custom bulk actions for any type of posts in WordPress.",
            "homepage": "https://github.com/Seravo/wp-custom-bulk-actions",
            "keywords": [
                "bulk action",
                "custom",
                "posts",
                "wordpress"
            ],
            "time": "2018-04-01T20:16:31+00:00"
        },
        {
            "name": "symfony/polyfill-ctype",
            "version": "v1.13.1",
            "source": {
                "type": "git",
                "url": "https://github.com/symfony/polyfill-ctype.git",
                "reference": "f8f0b461be3385e56d6de3dbb5a0df24c0c275e3"
            },
            "dist": {
                "type": "zip",
                "url": "https://api.github.com/repos/symfony/polyfill-ctype/zipball/f8f0b461be3385e56d6de3dbb5a0df24c0c275e3",
                "reference": "f8f0b461be3385e56d6de3dbb5a0df24c0c275e3",
                "shasum": ""
            },
            "require": {
                "php": ">=5.3.3"
            },
            "suggest": {
                "ext-ctype": "For best performance"
            },
            "type": "library",
            "extra": {
                "branch-alias": {
                    "dev-master": "1.13-dev"
                }
            },
            "autoload": {
                "psr-4": {
                    "Symfony\\Polyfill\\Ctype\\": ""
                },
                "files": [
                    "bootstrap.php"
                ]
            },
            "notification-url": "https://packagist.org/downloads/",
            "license": [
                "MIT"
            ],
            "authors": [
                {
                    "name": "Gert de Pagter",
                    "email": "BackEndTea@gmail.com"
                },
                {
                    "name": "Symfony Community",
                    "homepage": "https://symfony.com/contributors"
                }
            ],
            "description": "Symfony polyfill for ctype functions",
            "homepage": "https://symfony.com",
            "keywords": [
                "compatibility",
                "ctype",
                "polyfill",
                "portable"
            ],
            "time": "2019-11-27T13:56:44+00:00"
        },
        {
            "name": "tgmpa/tgm-plugin-activation",
            "version": "2.6.1",
            "source": {
                "type": "git",
                "url": "https://github.com/TGMPA/TGM-Plugin-Activation.git",
                "reference": "c626d0d91fc8ef24916e809c7b79eeafab1c1cac"
            },
            "dist": {
                "type": "zip",
                "url": "https://api.github.com/repos/TGMPA/TGM-Plugin-Activation/zipball/c626d0d91fc8ef24916e809c7b79eeafab1c1cac",
                "reference": "c626d0d91fc8ef24916e809c7b79eeafab1c1cac",
                "shasum": ""
            },
            "require": {
                "php": ">=5.2"
            },
            "type": "library",
            "autoload": {
                "files": [
                    "class-tgm-plugin-activation.php"
                ]
            },
            "notification-url": "https://packagist.org/downloads/",
            "license": [
                "GPL-2.0+"
            ],
            "authors": [
                {
                    "name": "Thomas Griffin",
                    "homepage": "http://thomasgriffinmedia.com",
                    "role": "Developer"
                },
                {
                    "name": "Gary Jones",
                    "homepage": "https://github.com/GaryJones",
                    "role": "Developer"
                },
                {
                    "name": "Juliette Reinders Folmer",
                    "homepage": "https://github.com/jrfnl",
                    "role": "Developer"
                }
            ],
            "description": "TGM Plugin Activation is a PHP library that allows you to easily require or recommend plugins for your WordPress themes (and plugins).",
            "homepage": "http://tgmpluginactivation.com",
            "keywords": [
                "activation",
                "library",
                "plugins",
                "theme",
                "wordpress"
            ],
            "time": "2016-05-19T15:46:51+00:00"
        },
        {
            "name": "underdev/requirements",
            "version": "1.3.2",
            "source": {
                "type": "git",
                "url": "https://github.com/Kubitomakita/Requirements.git",
                "reference": "f622e187ab830284d7731178487a71e835080110"
            },
            "dist": {
                "type": "zip",
                "url": "https://api.github.com/repos/Kubitomakita/Requirements/zipball/f622e187ab830284d7731178487a71e835080110",
                "reference": "f622e187ab830284d7731178487a71e835080110",
                "shasum": ""
            },
            "type": "library",
            "autoload": {
                "classmap": [
                    "underDEV_Requirements.php"
                ]
            },
            "notification-url": "https://packagist.org/downloads/",
            "authors": [
                {
                    "name": "Kuba Mikita",
                    "email": "jakub@underdev.it"
                }
            ],
            "description": "WordPress drop-in to check requirements",
            "time": "2018-12-13T10:57:24+00:00"
        },
        {
            "name": "vlucas/phpdotenv",
            "version": "v2.6.1",
            "source": {
                "type": "git",
                "url": "https://github.com/vlucas/phpdotenv.git",
                "reference": "2a7dcf7e3e02dc5e701004e51a6f304b713107d5"
            },
            "dist": {
                "type": "zip",
                "url": "https://api.github.com/repos/vlucas/phpdotenv/zipball/2a7dcf7e3e02dc5e701004e51a6f304b713107d5",
                "reference": "2a7dcf7e3e02dc5e701004e51a6f304b713107d5",
                "shasum": ""
            },
            "require": {
                "php": ">=5.3.9",
                "symfony/polyfill-ctype": "^1.9"
            },
            "require-dev": {
                "phpunit/phpunit": "^4.8.35 || ^5.0"
            },
            "type": "library",
            "extra": {
                "branch-alias": {
                    "dev-master": "2.6-dev"
                }
            },
            "autoload": {
                "psr-4": {
                    "Dotenv\\": "src/"
                }
            },
            "notification-url": "https://packagist.org/downloads/",
            "license": [
                "BSD-3-Clause"
            ],
            "authors": [
                {
                    "name": "Vance Lucas",
                    "email": "vance@vancelucas.com",
                    "homepage": "http://www.vancelucas.com"
                }
            ],
            "description": "Loads environment variables from `.env` to `getenv()`, `$_ENV` and `$_SERVER` automagically.",
            "keywords": [
                "dotenv",
                "env",
                "environment"
            ],
            "time": "2019-01-29T11:11:52+00:00"
        },
        {
            "name": "wpbp/cpt_columns",
            "version": "1.0.1",
            "source": {
                "type": "git",
                "url": "https://github.com/WPBP/CPT_Columns.git",
                "reference": "6cc1b2fa6ebb8bbf3f0a1db06685463af0c8ebab"
            },
            "dist": {
                "type": "zip",
                "url": "https://api.github.com/repos/WPBP/CPT_Columns/zipball/6cc1b2fa6ebb8bbf3f0a1db06685463af0c8ebab",
                "reference": "6cc1b2fa6ebb8bbf3f0a1db06685463af0c8ebab",
                "shasum": ""
            },
            "type": "library",
            "autoload": {
                "files": [
                    "CPT_Columns.php"
                ]
            },
            "notification-url": "https://packagist.org/downloads/",
            "license": [
                "GPL-3.0"
            ],
            "authors": [
                {
                    "name": "Daniele Scasciafratte",
                    "email": "mte90net@gmail.com",
                    "homepage": "http://mte90.net"
                }
            ],
            "description": "Improve the CPT list in the backend for your CPTs",
            "homepage": "https://github.com/WPBP/CPT_Columns",
            "keywords": [
                "custom post type",
                "post",
                "wordpress"
            ],
            "time": "2017-09-06T18:00:25+00:00"
        },
        {
            "name": "wpbp/language",
            "version": "1.0.0",
            "source": {
                "type": "git",
                "url": "https://github.com/WPBP/Language.git",
                "reference": "c1ea3a8259579cdca0cc7e68bca1076a861711e5"
            },
            "dist": {
                "type": "zip",
                "url": "https://api.github.com/repos/WPBP/Language/zipball/c1ea3a8259579cdca0cc7e68bca1076a861711e5",
                "reference": "c1ea3a8259579cdca0cc7e68bca1076a861711e5",
                "shasum": ""
            },
            "type": "library",
            "autoload": {
                "files": [
                    "language.php"
                ]
            },
            "notification-url": "https://packagist.org/downloads/",
            "license": [
                "GPL-3.0"
            ],
            "authors": [
                {
                    "name": "Daniele Scasciafratte",
                    "email": "mte90net@gmail.com",
                    "homepage": "http://mte90.net"
                }
            ],
            "description": "Function wrapper for register,unregister,get language and get string for WPML, Polylang and Ceceppa Multilingua",
            "homepage": "https://github.com/WPBP/Language",
            "keywords": [
                "language",
                "locales",
                "multilanguage",
                "polylang",
                "wordpress",
                "wpml"
            ],
            "time": "2016-06-22T17:36:59+00:00"
        },
        {
            "name": "wpbp/template",
            "version": "1.0.3",
            "source": {
                "type": "git",
                "url": "https://github.com/WPBP/template.git",
                "reference": "f0294741f32295c3747b3bc600e11c2689bfc9e5"
            },
            "dist": {
                "type": "zip",
                "url": "https://api.github.com/repos/WPBP/template/zipball/f0294741f32295c3747b3bc600e11c2689bfc9e5",
                "reference": "f0294741f32295c3747b3bc600e11c2689bfc9e5",
                "shasum": ""
            },
            "type": "library",
            "autoload": {
                "files": [
                    "template.php"
                ]
            },
            "notification-url": "https://packagist.org/downloads/",
            "license": [
                "GPL-3.0"
            ],
            "authors": [
                {
                    "name": "Daniele Scasciafratte",
                    "email": "mte90net@gmail.com",
                    "homepage": "http://mte90.net"
                }
            ],
            "description": "Load template files with autosearch and support for multilanguage folder for email template",
            "homepage": "https://github.com/WPBP/Template",
            "keywords": [
                "email",
                "template",
                "wordpress"
            ],
            "time": "2019-05-07T15:33:37+00:00"
        },
        {
            "name": "wpbp/widgets-helper",
            "version": "1.0.6",
            "source": {
                "type": "git",
                "url": "https://github.com/WPBP/Widgets-Helper.git",
                "reference": "953c65847bd56e86df26a207348924902543ec7f"
            },
            "dist": {
                "type": "zip",
                "url": "https://api.github.com/repos/WPBP/Widgets-Helper/zipball/953c65847bd56e86df26a207348924902543ec7f",
                "reference": "953c65847bd56e86df26a207348924902543ec7f",
                "shasum": ""
            },
            "type": "library",
            "autoload": {
                "files": [
                    "wph-widget.php"
                ]
            },
            "notification-url": "https://packagist.org/downloads/",
            "license": [
                "GPL-3.0"
            ],
            "authors": [
                {
                    "name": "Daniele Scasciafratte",
                    "email": "mte90net@gmail.com",
                    "homepage": "http://mte90.net"
                }
            ],
            "description": "A class to ease creating powered Widgets on WordPress ",
            "homepage": "https://github.com/WPBP/Widgets-Helper",
            "keywords": [
                "widget",
                "widgets",
                "wordpress"
            ],
            "time": "2019-10-16T11:18:26+00:00"
        }
    ],
    "packages-dev": [],
    "aliases": [],
    "minimum-stability": "stable",
    "stability-flags": [],
    "prefer-stable": false,
    "prefer-lowest": false,
    "platform": {
        "php": ">=7.0"
    },
    "platform-dev": []
}
