{
    "_readme": [
        "This file locks the dependencies of your project to a known state",
        "Read more about it at https://getcomposer.org/doc/01-basic-usage.md#composer-lock-the-lock-file",
        "This file is @generated automatically"
    ],
    "content-hash": "ebdfc565fc9f5bd6e745548a80013feb",
    "packages": [
        {
            "name": "composer/installers",
            "version": "v1.9.0",
            "source": {
                "type": "git",
                "url": "https://github.com/composer/installers.git",
                "reference": "b93bcf0fa1fccb0b7d176b0967d969691cd74cca"
            },
            "dist": {
                "type": "zip",
                "url": "https://api.github.com/repos/composer/installers/zipball/b93bcf0fa1fccb0b7d176b0967d969691cd74cca",
                "reference": "b93bcf0fa1fccb0b7d176b0967d969691cd74cca",
                "shasum": ""
            },
            "require": {
                "composer-plugin-api": "^1.0 || ^2.0"
            },
            "replace": {
                "roundcube/plugin-installer": "*",
                "shama/baton": "*"
            },
            "require-dev": {
                "composer/composer": "1.6.* || 2.0.*@dev",
                "composer/semver": "1.0.* || 2.0.*@dev",
                "phpunit/phpunit": "^4.8.36",
                "sebastian/comparator": "^1.2.4",
                "symfony/process": "^2.3"
            },
            "type": "composer-plugin",
            "extra": {
                "class": "Composer\\Installers\\Plugin",
                "branch-alias": {
                    "dev-master": "1.0-dev"
                }
            },
            "autoload": {
                "psr-4": {
                    "Composer\\Installers\\": "src/Composer/Installers"
                }
            },
            "notification-url": "https://packagist.org/downloads/",
            "license": [
                "MIT"
            ],
            "authors": [
                {
                    "name": "Kyle Robinson Young",
                    "email": "kyle@dontkry.com",
                    "homepage": "https://github.com/shama"
                }
            ],
            "description": "A multi-framework Composer library installer",
            "homepage": "https://composer.github.io/installers/",
            "keywords": [
                "Craft",
                "Dolibarr",
                "Eliasis",
                "Hurad",
                "ImageCMS",
                "Kanboard",
                "Lan Management System",
                "MODX Evo",
                "MantisBT",
                "Mautic",
                "Maya",
                "OXID",
                "Plentymarkets",
                "Porto",
                "RadPHP",
                "SMF",
                "Thelia",
                "Whmcs",
                "WolfCMS",
                "agl",
                "aimeos",
                "annotatecms",
                "attogram",
                "bitrix",
                "cakephp",
                "chef",
                "cockpit",
                "codeigniter",
                "concrete5",
                "croogo",
                "dokuwiki",
                "drupal",
                "eZ Platform",
                "elgg",
                "expressionengine",
                "fuelphp",
                "grav",
                "installer",
                "itop",
                "joomla",
                "known",
                "kohana",
                "laravel",
                "lavalite",
                "lithium",
                "magento",
                "majima",
                "mako",
                "mediawiki",
                "modulework",
                "modx",
                "moodle",
                "osclass",
                "phpbb",
                "piwik",
                "ppi",
                "puppet",
                "pxcms",
                "reindex",
                "roundcube",
                "shopware",
                "silverstripe",
                "sydes",
                "sylius",
                "symfony",
                "typo3",
                "wordpress",
                "yawik",
                "zend",
                "zikula"
            ],
            "time": "2020-04-07T06:57:05+00:00"
        },
        {
            "name": "dmhendricks/wordpress-toolkit",
            "version": "0.4.2",
            "source": {
                "type": "git",
                "url": "https://github.com/dmhendricks/wordpress-toolkit.git",
                "reference": "86bcf66973d0e6059f82b1ab5f4c8a7982084a88"
            },
            "dist": {
                "type": "zip",
                "url": "https://api.github.com/repos/dmhendricks/wordpress-toolkit/zipball/86bcf66973d0e6059f82b1ab5f4c8a7982084a88",
                "reference": "86bcf66973d0e6059f82b1ab5f4c8a7982084a88",
                "shasum": ""
            },
            "require": {
                "php": ">=5.6.4",
                "vlucas/phpdotenv": "^2.5.1"
            },
            "type": "library",
            "autoload": {
                "psr-4": {
                    "WordPress_ToolKit\\": "core/"
                }
            },
            "notification-url": "https://packagist.org/downloads/",
            "license": [
                "GPL-2.0-or-later"
            ],
            "authors": [
                {
                    "name": "Daniel M. Hendricks",
                    "homepage": "https://danhendricks.com",
                    "role": "Developer"
                }
            ],
            "description": "A collection of helper classes and functions for WordPress plugins and themes.",
            "homepage": "https://github.com/dmhendricks/wordpress-toolkit",
            "time": "2018-10-26T02:30:15+00:00"
        },
        {
            "name": "johnbillion/extended-cpts",
            "version": "4.3.3",
            "source": {
                "type": "git",
                "url": "https://github.com/johnbillion/extended-cpts.git",
                "reference": "4c4e292781c28a7d8666803f63c44e655cddf7ad"
            },
            "dist": {
                "type": "zip",
                "url": "https://api.github.com/repos/johnbillion/extended-cpts/zipball/4c4e292781c28a7d8666803f63c44e655cddf7ad",
                "reference": "4c4e292781c28a7d8666803f63c44e655cddf7ad",
                "shasum": ""
            },
            "require": {
                "php": "^7.0"
            },
            "require-dev": {
                "automattic/phpcs-neutron-standard": "^1.5",
                "dealerdirect/phpcodesniffer-composer-installer": "^0.5",
                "johnbillion/falsey-assertequals-detector": "^2",
                "johnbillion/php-docs-standards": "^1",
                "phpcompatibility/phpcompatibility-wp": "^2",
                "phpunit/phpunit": "^6",
                "roots/wordpress": "*",
                "vlucas/phpdotenv": "^3",
                "wp-cli/wp-cli-bundle": "^2.1",
                "wp-coding-standards/wpcs": "~2.1.0",
                "wp-phpunit/wp-phpunit": "*"
            },
            "suggest": {
                "seravo/wp-custom-bulk-actions": "Custom Bulk Actions",
                "wpackagist-plugin/rewrite-testing": "Rewrite Rule Testing"
            },
            "type": "library",
            "extra": {
                "wordpress-install-dir": "tests/wordpress"
            },
            "autoload": {
                "psr-4": {
                    "ExtCPTs\\Tests\\": "tests/phpunit"
                },
                "files": [
                    "extended-cpts.php"
                ]
            },
            "notification-url": "https://packagist.org/downloads/",
            "license": [
                "GPL-2.0+"
            ],
            "authors": [
                {
                    "name": "John Blackbourn",
                    "homepage": "https://johnblackbourn.com/"
                }
            ],
            "description": "A library which provides extended functionality to WordPress custom post types and taxonomies.",
            "homepage": "https://github.com/johnbillion/extended-cpts/",
            "time": "2020-04-22T16:13:18+00:00"
        },
        {
            "name": "seravo/wp-custom-bulk-actions",
            "version": "0.1.4",
            "source": {
                "type": "git",
                "url": "https://github.com/Seravo/wp-custom-bulk-actions.git",
                "reference": "b31da03919186b1065616743a54995b7e4f29d4a"
            },
            "dist": {
                "type": "zip",
                "url": "https://api.github.com/repos/Seravo/wp-custom-bulk-actions/zipball/b31da03919186b1065616743a54995b7e4f29d4a",
                "reference": "b31da03919186b1065616743a54995b7e4f29d4a",
                "shasum": ""
            },
            "type": "wordpress-plugin",
            "notification-url": "https://packagist.org/downloads/",
            "license": [
                "GPLv3"
            ],
            "authors": [
                {
                    "name": "Onni Hakala",
                    "email": "onni@seravo.fi",
                    "homepage": "https://github.com/onnimonni"
                }
            ],
            "description": "Custom bulk actions for any type of posts in WordPress.",
            "homepage": "https://github.com/Seravo/wp-custom-bulk-actions",
            "keywords": [
                "bulk action",
                "custom",
                "posts",
                "wordpress"
            ],
            "time": "2018-04-01T20:16:31+00:00"
        },
        {
            "name": "symfony/polyfill-ctype",
            "version": "v1.18.1",
            "source": {
                "type": "git",
                "url": "https://github.com/symfony/polyfill-ctype.git",
                "reference": "1c302646f6efc070cd46856e600e5e0684d6b454"
            },
            "dist": {
                "type": "zip",
                "url": "https://api.github.com/repos/symfony/polyfill-ctype/zipball/1c302646f6efc070cd46856e600e5e0684d6b454",
                "reference": "1c302646f6efc070cd46856e600e5e0684d6b454",
                "shasum": ""
            },
            "require": {
                "php": ">=5.3.3"
            },
            "suggest": {
                "ext-ctype": "For best performance"
            },
            "type": "library",
            "extra": {
                "branch-alias": {
                    "dev-master": "1.18-dev"
                },
                "thanks": {
                    "name": "symfony/polyfill",
                    "url": "https://github.com/symfony/polyfill"
                }
            },
            "autoload": {
                "psr-4": {
                    "Symfony\\Polyfill\\Ctype\\": ""
                },
                "files": [
                    "bootstrap.php"
                ]
            },
            "notification-url": "https://packagist.org/downloads/",
            "license": [
                "MIT"
            ],
            "authors": [
                {
                    "name": "Gert de Pagter",
                    "email": "BackEndTea@gmail.com"
                },
                {
                    "name": "Symfony Community",
                    "homepage": "https://symfony.com/contributors"
                }
            ],
            "description": "Symfony polyfill for ctype functions",
            "homepage": "https://symfony.com",
            "keywords": [
                "compatibility",
                "ctype",
                "polyfill",
                "portable"
            ],
            "time": "2020-07-14T12:35:20+00:00"
        },
        {
            "name": "underdev/requirements",
            "version": "1.3.3",
            "source": {
                "type": "git",
                "url": "https://github.com/Kubitomakita/Requirements.git",
                "reference": "20272e8cd6c73b058d9032816195d34c298d9c07"
            },
            "dist": {
                "type": "zip",
                "url": "https://api.github.com/repos/Kubitomakita/Requirements/zipball/20272e8cd6c73b058d9032816195d34c298d9c07",
                "reference": "20272e8cd6c73b058d9032816195d34c298d9c07",
                "shasum": ""
            },
            "type": "library",
            "autoload": {
                "classmap": [
                    "underDEV_Requirements.php"
                ]
            },
            "notification-url": "https://packagist.org/downloads/",
            "authors": [
                {
                    "name": "Kuba Mikita",
                    "email": "jakub@underdev.it"
                }
            ],
            "description": "WordPress drop-in to check requirements",
            "time": "2020-01-29T07:24:21+00:00"
        },
        {
            "name": "vlucas/phpdotenv",
            "version": "v2.6.6",
            "source": {
                "type": "git",
                "url": "https://github.com/vlucas/phpdotenv.git",
                "reference": "e1d57f62db3db00d9139078cbedf262280701479"
            },
            "dist": {
                "type": "zip",
                "url": "https://api.github.com/repos/vlucas/phpdotenv/zipball/e1d57f62db3db00d9139078cbedf262280701479",
                "reference": "e1d57f62db3db00d9139078cbedf262280701479",
                "shasum": ""
            },
            "require": {
                "php": "^5.3.9 || ^7.0 || ^8.0",
                "symfony/polyfill-ctype": "^1.17"
            },
            "require-dev": {
                "ext-filter": "*",
                "ext-pcre": "*",
                "phpunit/phpunit": "^4.8.35 || ^5.7.27"
            },
            "suggest": {
                "ext-filter": "Required to use the boolean validator.",
                "ext-pcre": "Required to use most of the library."
            },
            "type": "library",
            "extra": {
                "branch-alias": {
                    "dev-master": "2.6-dev"
                }
            },
            "autoload": {
                "psr-4": {
                    "Dotenv\\": "src/"
                }
            },
            "notification-url": "https://packagist.org/downloads/",
            "license": [
                "BSD-3-Clause"
            ],
            "authors": [
                {
                    "name": "Graham Campbell",
                    "email": "graham@alt-three.com",
                    "homepage": "https://gjcampbell.co.uk/"
                },
                {
                    "name": "Vance Lucas",
                    "email": "vance@vancelucas.com",
                    "homepage": "https://vancelucas.com/"
                }
            ],
            "description": "Loads environment variables from `.env` to `getenv()`, `$_ENV` and `$_SERVER` automagically.",
            "keywords": [
                "dotenv",
                "env",
                "environment"
            ],
            "time": "2020-07-14T17:54:18+00:00"
        },
        {
            "name": "wpbp/cpt_columns",
            "version": "1.0.1",
            "source": {
                "type": "git",
                "url": "https://github.com/WPBP/CPT_Columns.git",
                "reference": "6cc1b2fa6ebb8bbf3f0a1db06685463af0c8ebab"
            },
            "dist": {
                "type": "zip",
                "url": "https://api.github.com/repos/WPBP/CPT_Columns/zipball/6cc1b2fa6ebb8bbf3f0a1db06685463af0c8ebab",
                "reference": "6cc1b2fa6ebb8bbf3f0a1db06685463af0c8ebab",
                "shasum": ""
            },
            "type": "library",
            "autoload": {
                "files": [
                    "CPT_Columns.php"
                ]
            },
            "notification-url": "https://packagist.org/downloads/",
            "license": [
                "GPL-3.0"
            ],
            "authors": [
                {
                    "name": "Daniele Scasciafratte",
                    "email": "mte90net@gmail.com",
                    "homepage": "http://mte90.net"
                }
            ],
            "description": "Improve the CPT list in the backend for your CPTs",
            "homepage": "https://github.com/WPBP/CPT_Columns",
            "keywords": [
                "custom post type",
                "post",
                "wordpress"
            ],
            "time": "2017-09-06T18:00:25+00:00"
        }
    ],
    "packages-dev": [],
    "aliases": [],
    "minimum-stability": "stable",
    "stability-flags": [],
    "prefer-stable": false,
    "prefer-lowest": false,
    "platform": {
        "php": ">=7.0"
    },
    "platform-dev": []
}
